version: 1
allowed_paths:
  - .vibe/CHANGE_BUDGET.yaml
  - .vibe/SCOPE_LOCK.yaml
  - BASELINE.yaml
  - .superpowers/sdd/task-8-brief.md
  - scripts/model_performance.py
  - apps/frontend/src/core/apiClient.ts
forbidden_paths:
  - .env*
  - tests/**
  - sql/**
  - apps/frontend/src/pages/**
out_of_scope: "Database schema changes, scoring or history rewrites, API response contract changes, and unrelated page or module work."
