version: 3
base_revision: 3238bafa74d90184a6ddcbbb5f16739963b142af
allowed_paths:
  - .vibe/
  - docs/match-center-v3a.md
  - apps/frontend/src/pages/MatchesPage.tsx
  - apps/frontend/src/pages/MatchesPage.test.tsx
  - apps/frontend/src/pages/MatchesPage.css
  - apps/frontend/src/features/command-center/CommandCenter.tsx
  - apps/frontend/src/features/command-center/MatchEvidence.tsx
  - apps/frontend/src/features/command-center/MatchEvidence.test.tsx
forbidden_paths:
  - .env*
  - sql/
  - apps/backend/
  - apps/frontend/package.json
  - package-lock.json
out_of_scope: "P07 remaining pages, P08/P09, algorithms, backend APIs, production data export, push/deployment."
