version: 1
allowed_paths:
  - .vibe/
  - docs/command-center-v1.md
  - apps/frontend/package.json
  - apps/frontend/package-lock.json
  - apps/frontend/src/main.tsx
  - apps/frontend/src/core/apiClient.ts
  - apps/frontend/src/app/layout/Layout.tsx
  - apps/frontend/src/app/layout/Layout.test.tsx
  - apps/frontend/src/app/layout/Sidebar.tsx
  - apps/frontend/src/app/layout/Sidebar.test.tsx
  - apps/frontend/src/pages/DashboardPage.tsx
  - apps/frontend/src/pages/DashboardPage.test.tsx
  - apps/frontend/src/theme/themes/redline-quant.css
  - apps/frontend/src/theme/themeRegistry.ts
  - apps/frontend/src/features/command-center/
forbidden_paths:
  - .env*
  - sql/
  - apps/backend/
out_of_scope: "V2/V3, financial/ML algorithms, automatic backups, production deployment. Implementation starts with V1."
